Microsoft Visual Studio Solution File, Format Version 12.00
# Visual Studio Version 17
VisualStudioVersion = 17.13.35919.96
MinimumVisualStudioVersion = 16.0.0.0
Project("{9A19103F-16F7-4668-BE54-9A1E7A4F7556}") = "IntegraQnest.Server", "IntegraQnest.Server\IntegraQnest.Server.csproj", "{1AA9AE8E-33E5-4B77-9CD7-8707B98EA852}"
EndProject
Project("{9A19103F-16F7-4668-BE54-9A1E7A4F7556}") = "IntegraQnest.Client", "IntegraQnest.Client\IntegraQnest.Client.csproj", "{71681D26-924E-436A-AE67-3E82030B2B51}"
EndProject
Project("{9A19103F-16F7-4668-BE54-9A1E7A4F7556}") = "IntegraQnest.Shared", "IntegraQnest.Shared\IntegraQnest.Shared.csproj", "{4CF33416-062C-4283-92E8-0A906E507A8C}"
EndProject
Project("{FAE04EC0-301F-11D3-BF4B-00C04F79EFBC}") = "IntegraQnest.Application", "IntegraQnest.Application\IntegraQnest.Application.csproj", "{C02EFCF3-80EA-4C51-905F-4AB0D117559B}"
EndProject
Project("{FAE04EC0-301F-11D3-BF4B-00C04F79EFBC}") = "IntegraQnest.Infrastructure", "IntegraQnest.Infrastructure\IntegraQnest.Infrastructure.csproj", "{B6CA1813-6038-49D3-80EB-7C9842AB107D}"
EndProject
Global
	GlobalSection(SolutionConfigurationPlatforms) = preSolution
		Debug|Any CPU = Debug|Any CPU
		Debug|x64 = Debug|x64
		Debug|x86 = Debug|x86
		Release|Any CPU = Release|Any CPU
		Release|x64 = Release|x64
		Release|x86 = Release|x86
	EndGlobalSection
	GlobalSection(ProjectConfigurationPlatforms) = postSolution
		{1AA9AE8E-33E5-4B77-9CD7-8707B98EA852}.Debug|Any CPU.ActiveCfg = Debug|Any CPU
		{1AA9AE8E-33E5-4B77-9CD7-8707B98EA852}.Debug|Any CPU.Build.0 = Debug|Any CPU
		{1AA9AE8E-33E5-4B77-9CD7-8707B98EA852}.Debug|x64.ActiveCfg = Debug|Any CPU
		{1AA9AE8E-33E5-4B77-9CD7-8707B98EA852}.Debug|x64.Build.0 = Debug|Any CPU
		{1AA9AE8E-33E5-4B77-9CD7-8707B98EA852}.Debug|x86.ActiveCfg = Debug|Any CPU
		{1AA9AE8E-33E5-4B77-9CD7-8707B98EA852}.Debug|x86.Build.0 = Debug|Any CPU
		{1AA9AE8E-33E5-4B77-9CD7-8707B98EA852}.Release|Any CPU.ActiveCfg = Release|Any CPU
		{1AA9AE8E-33E5-4B77-9CD7-8707B98EA852}.Release|Any CPU.Build.0 = Release|Any CPU
		{1AA9AE8E-33E5-4B77-9CD7-8707B98EA852}.Release|x64.ActiveCfg = Release|Any CPU
		{1AA9AE8E-33E5-4B77-9CD7-8707B98EA852}.Release|x64.Build.0 = Release|Any CPU
		{1AA9AE8E-33E5-4B77-9CD7-8707B98EA852}.Release|x86.ActiveCfg = Release|Any CPU
		{1AA9AE8E-33E5-4B77-9CD7-8707B98EA852}.Release|x86.Build.0 = Release|Any CPU
		{71681D26-924E-436A-AE67-3E82030B2B51}.Debug|Any CPU.ActiveCfg = Debug|Any CPU
		{71681D26-924E-436A-AE67-3E82030B2B51}.Debug|Any CPU.Build.0 = Debug|Any CPU
		{71681D26-924E-436A-AE67-3E82030B2B51}.Debug|x64.ActiveCfg = Debug|Any CPU
		{71681D26-924E-436A-AE67-3E82030B2B51}.Debug|x64.Build.0 = Debug|Any CPU
		{71681D26-924E-436A-AE67-3E82030B2B51}.Debug|x86.ActiveCfg = Debug|Any CPU
		{71681D26-924E-436A-AE67-3E82030B2B51}.Debug|x86.Build.0 = Debug|Any CPU
		{71681D26-924E-436A-AE67-3E82030B2B51}.Release|Any CPU.ActiveCfg = Release|Any CPU
		{71681D26-924E-436A-AE67-3E82030B2B51}.Release|Any CPU.Build.0 = Release|Any CPU
		{71681D26-924E-436A-AE67-3E82030B2B51}.Release|x64.ActiveCfg = Release|Any CPU
		{71681D26-924E-436A-AE67-3E82030B2B51}.Release|x64.Build.0 = Release|Any CPU
		{71681D26-924E-436A-AE67-3E82030B2B51}.Release|x86.ActiveCfg = Release|Any CPU
		{71681D26-924E-436A-AE67-3E82030B2B51}.Release|x86.Build.0 = Release|Any CPU
		{4CF33416-062C-4283-92E8-0A906E507A8C}.Debug|Any CPU.ActiveCfg = Debug|Any CPU
		{4CF33416-062C-4283-92E8-0A906E507A8C}.Debug|Any CPU.Build.0 = Debug|Any CPU
		{4CF33416-062C-4283-92E8-0A906E507A8C}.Debug|x64.ActiveCfg = Debug|Any CPU
		{4CF33416-062C-4283-92E8-0A906E507A8C}.Debug|x64.Build.0 = Debug|Any CPU
		{4CF33416-062C-4283-92E8-0A906E507A8C}.Debug|x86.ActiveCfg = Debug|Any CPU
		{4CF33416-062C-4283-92E8-0A906E507A8C}.Debug|x86.Build.0 = Debug|Any CPU
		{4CF33416-062C-4283-92E8-0A906E507A8C}.Release|Any CPU.ActiveCfg = Release|Any CPU
		{4CF33416-062C-4283-92E8-0A906E507A8C}.Release|Any CPU.Build.0 = Release|Any CPU
		{4CF33416-062C-4283-92E8-0A906E507A8C}.Release|x64.ActiveCfg = Release|Any CPU
		{4CF33416-062C-4283-92E8-0A906E507A8C}.Release|x64.Build.0 = Release|Any CPU
		{4CF33416-062C-4283-92E8-0A906E507A8C}.Release|x86.ActiveCfg = Release|Any CPU
		{4CF33416-062C-4283-92E8-0A906E507A8C}.Release|x86.Build.0 = Release|Any CPU
		{C02EFCF3-80EA-4C51-905F-4AB0D117559B}.Debug|Any CPU.ActiveCfg = Debug|Any CPU
		{C02EFCF3-80EA-4C51-905F-4AB0D117559B}.Debug|Any CPU.Build.0 = Debug|Any CPU
		{C02EFCF3-80EA-4C51-905F-4AB0D117559B}.Debug|x64.ActiveCfg = Debug|Any CPU
		{C02EFCF3-80EA-4C51-905F-4AB0D117559B}.Debug|x64.Build.0 = Debug|Any CPU
		{C02EFCF3-80EA-4C51-905F-4AB0D117559B}.Debug|x86.ActiveCfg = Debug|Any CPU
		{C02EFCF3-80EA-4C51-905F-4AB0D117559B}.Debug|x86.Build.0 = Debug|Any CPU
		{C02EFCF3-80EA-4C51-905F-4AB0D117559B}.Release|Any CPU.ActiveCfg = Release|Any CPU
		{C02EFCF3-80EA-4C51-905F-4AB0D117559B}.Release|Any CPU.Build.0 = Release|Any CPU
		{C02EFCF3-80EA-4C51-905F-4AB0D117559B}.Release|x64.ActiveCfg = Release|Any CPU
		{C02EFCF3-80EA-4C51-905F-4AB0D117559B}.Release|x64.Build.0 = Release|Any CPU
		{C02EFCF3-80EA-4C51-905F-4AB0D117559B}.Release|x86.ActiveCfg = Release|Any CPU
		{C02EFCF3-80EA-4C51-905F-4AB0D117559B}.Release|x86.Build.0 = Release|Any CPU
		{B6CA1813-6038-49D3-80EB-7C9842AB107D}.Debug|Any CPU.ActiveCfg = Debug|Any CPU
		{B6CA1813-6038-49D3-80EB-7C9842AB107D}.Debug|Any CPU.Build.0 = Debug|Any CPU
		{B6CA1813-6038-49D3-80EB-7C9842AB107D}.Debug|x64.ActiveCfg = Debug|Any CPU
		{B6CA1813-6038-49D3-80EB-7C9842AB107D}.Debug|x64.Build.0 = Debug|Any CPU
		{B6CA1813-6038-49D3-80EB-7C9842AB107D}.Debug|x86.ActiveCfg = Debug|Any CPU
		{B6CA1813-6038-49D3-80EB-7C9842AB107D}.Debug|x86.Build.0 = Debug|Any CPU
		{B6CA1813-6038-49D3-80EB-7C9842AB107D}.Release|Any CPU.ActiveCfg = Release|Any CPU
		{B6CA1813-6038-49D3-80EB-7C9842AB107D}.Release|Any CPU.Build.0 = Release|Any CPU
		{B6CA1813-6038-49D3-80EB-7C9842AB107D}.Release|x64.ActiveCfg = Release|Any CPU
		{B6CA1813-6038-49D3-80EB-7C9842AB107D}.Release|x64.Build.0 = Release|Any CPU
		{B6CA1813-6038-49D3-80EB-7C9842AB107D}.Release|x86.ActiveCfg = Release|Any CPU
		{B6CA1813-6038-49D3-80EB-7C9842AB107D}.Release|x86.Build.0 = Release|Any CPU
	EndGlobalSection
	GlobalSection(SolutionProperties) = preSolution
		HideSolutionNode = FALSE
	EndGlobalSection
	GlobalSection(ExtensibilityGlobals) = postSolution
		SolutionGuid = {AACB5011-C727-4049-B509-0C8FECD20743}
	EndGlobalSection
EndGlobal
